
Microsoft Visual Studio Solution File, Format Version 12.00
# Visual Studio 15
VisualStudioVersion = 15.0.27130.2010
MinimumVisualStudioVersion = 10.0.40219.1
Project("{FAE04EC0-301F-11D3-BF4B-00C04F79EFBC}") = "CreativeBeginnerApp.Android", "CreativeBeginner\CreativeBeginner.Android\CreativeBeginnerApp.Android.csproj", "{71576FC4-81F8-4E45-A053-4BD792DA935A}"
EndProject
Project("{FAE04EC0-301F-11D3-BF4B-00C04F79EFBC}") = "CreativeBeginner", "CreativeBeginner\CreativeBeginner\CreativeBeginner.csproj", "{42E2DF4A-9B8C-4ED8-B607-35354F7042B9}"
EndProject
Project("{FAE04EC0-301F-11D3-BF4B-00C04F79EFBC}") = "CreativeBeginner.iOS", "CreativeBeginner\CreativeBeginner.iOS\CreativeBeginner.iOS.csproj", "{66DE0822-05FB-4F10-A7A4-0981FF8F03EE}"
EndProject
Global
	GlobalSection(SolutionConfigurationPlatforms) = preSolution
		Ad-Hoc|Any CPU = Ad-Hoc|Any CPU
		Ad-Hoc|ARM = Ad-Hoc|ARM
		Ad-Hoc|iPhone = Ad-Hoc|iPhone
		Ad-Hoc|iPhoneSimulator = Ad-Hoc|iPhoneSimulator
		Ad-Hoc|x64 = Ad-Hoc|x64
		Ad-Hoc|x86 = Ad-Hoc|x86
		AppStore|Any CPU = AppStore|Any CPU
		AppStore|ARM = AppStore|ARM
		AppStore|iPhone = AppStore|iPhone
		AppStore|iPhoneSimulator = AppStore|iPhoneSimulator
		AppStore|x64 = AppStore|x64
		AppStore|x86 = AppStore|x86
		Debug|Any CPU = Debug|Any CPU
		Debug|ARM = Debug|ARM
		Debug|iPhone = Debug|iPhone
		Debug|iPhoneSimulator = Debug|iPhoneSimulator
		Debug|x64 = Debug|x64
		Debug|x86 = Debug|x86
		Release|Any CPU = Release|Any CPU
		Release|ARM = Release|ARM
		Release|iPhone = Release|iPhone
		Release|iPhoneSimulator = Release|iPhoneSimulator
		Release|x64 = Release|x64
		Release|x86 = Release|x86
	EndGlobalSection
	GlobalSection(ProjectConfigurationPlatforms) = postSolution
		{71576FC4-81F8-4E45-A053-4BD792DA935A}.Ad-Hoc|Any CPU.ActiveCfg = Release|Any CPU
		{71576FC4-81F8-4E45-A053-4BD792DA935A}.Ad-Hoc|Any CPU.Build.0 = Release|Any CPU
		{71576FC4-81F8-4E45-A053-4BD792DA935A}.Ad-Hoc|Any CPU.Deploy.0 = Release|Any CPU
		{71576FC4-81F8-4E45-A053-4BD792DA935A}.Ad-Hoc|ARM.ActiveCfg = Release|Any CPU
		{71576FC4-81F8-4E45-A053-4BD792DA935A}.Ad-Hoc|ARM.Build.0 = Release|Any CPU
		{71576FC4-81F8-4E45-A053-4BD792DA935A}.Ad-Hoc|ARM.Deploy.0 = Release|Any CPU
		{71576FC4-81F8-4E45-A053-4BD792DA935A}.Ad-Hoc|iPhone.ActiveCfg = Release|Any CPU
		{71576FC4-81F8-4E45-A053-4BD792DA935A}.Ad-Hoc|iPhone.Build.0 = Release|Any CPU
		{71576FC4-81F8-4E45-A053-4BD792DA935A}.Ad-Hoc|iPhone.Deploy.0 = Release|Any CPU
		{71576FC4-81F8-4E45-A053-4BD792DA935A}.Ad-Hoc|iPhoneSimulator.ActiveCfg = Release|Any CPU
		{71576FC4-81F8-4E45-A053-4BD792DA935A}.Ad-Hoc|iPhoneSimulator.Build.0 = Release|Any CPU
		{71576FC4-81F8-4E45-A053-4BD792DA935A}.Ad-Hoc|iPhoneSimulator.Deploy.0 = Release|Any CPU
		{71576FC4-81F8-4E45-A053-4BD792DA935A}.Ad-Hoc|x64.ActiveCfg = Release|Any CPU
		{71576FC4-81F8-4E45-A053-4BD792DA935A}.Ad-Hoc|x64.Build.0 = Release|Any CPU
		{71576FC4-81F8-4E45-A053-4BD792DA935A}.Ad-Hoc|x64.Deploy.0 = Release|Any CPU
		{71576FC4-81F8-4E45-A053-4BD792DA935A}.Ad-Hoc|x86.ActiveCfg = Release|Any CPU
		{71576FC4-81F8-4E45-A053-4BD792DA935A}.Ad-Hoc|x86.Build.0 = Release|Any CPU
		{71576FC4-81F8-4E45-A053-4BD792DA935A}.Ad-Hoc|x86.Deploy.0 = Release|Any CPU
		{71576FC4-81F8-4E45-A053-4BD792DA935A}.AppStore|Any CPU.ActiveCfg = Release|Any CPU
		{71576FC4-81F8-4E45-A053-4BD792DA935A}.AppStore|Any CPU.Build.0 = Release|Any CPU
		{71576FC4-81F8-4E45-A053-4BD792DA935A}.AppStore|Any CPU.Deploy.0 = Release|Any CPU
		{71576FC4-81F8-4E45-A053-4BD792DA935A}.AppStore|ARM.ActiveCfg = Release|Any CPU
		{71576FC4-81F8-4E45-A053-4BD792DA935A}.AppStore|ARM.Build.0 = Release|Any CPU
		{71576FC4-81F8-4E45-A053-4BD792DA935A}.AppStore|ARM.Deploy.0 = Release|Any CPU
		{71576FC4-81F8-4E45-A053-4BD792DA935A}.AppStore|iPhone.ActiveCfg = Release|Any CPU
		{71576FC4-81F8-4E45-A053-4BD792DA935A}.AppStore|iPhone.Build.0 = Release|Any CPU
		{71576FC4-81F8-4E45-A053-4BD792DA935A}.AppStore|iPhone.Deploy.0 = Release|Any CPU
		{71576FC4-81F8-4E45-A053-4BD792DA935A}.AppStore|iPhoneSimulator.ActiveCfg = Release|Any CPU
		{71576FC4-81F8-4E45-A053-4BD792DA935A}.AppStore|iPhoneSimulator.Build.0 = Release|Any CPU
		{71576FC4-81F8-4E45-A053-4BD792DA935A}.AppStore|iPhoneSimulator.Deploy.0 = Release|Any CPU
		{71576FC4-81F8-4E45-A053-4BD792DA935A}.AppStore|x64.ActiveCfg = Release|Any CPU
		{71576FC4-81F8-4E45-A053-4BD792DA935A}.AppStore|x64.Build.0 = Release|Any CPU
		{71576FC4-81F8-4E45-A053-4BD792DA935A}.AppStore|x64.Deploy.0 = Release|Any CPU
		{71576FC4-81F8-4E45-A053-4BD792DA935A}.AppStore|x86.ActiveCfg = Release|Any CPU
		{71576FC4-81F8-4E45-A053-4BD792DA935A}.AppStore|x86.Build.0 = Release|Any CPU
		{71576FC4-81F8-4E45-A053-4BD792DA935A}.AppStore|x86.Deploy.0 = Release|Any CPU
		{71576FC4-81F8-4E45-A053-4BD792DA935A}.Debug|Any CPU.ActiveCfg = Debug|Any CPU
		{71576FC4-81F8-4E45-A053-4BD792DA935A}.Debug|Any CPU.Build.0 = Debug|Any CPU
		{71576FC4-81F8-4E45-A053-4BD792DA935A}.Debug|Any CPU.Deploy.0 = Debug|Any CPU
		{71576FC4-81F8-4E45-A053-4BD792DA935A}.Debug|ARM.ActiveCfg = Debug|Any CPU
		{71576FC4-81F8-4E45-A053-4BD792DA935A}.Debug|ARM.Build.0 = Debug|Any CPU
		{71576FC4-81F8-4E45-A053-4BD792DA935A}.Debug|ARM.Deploy.0 = Debug|Any CPU
		{71576FC4-81F8-4E45-A053-4BD792DA935A}.Debug|iPhone.ActiveCfg = Debug|Any CPU
		{71576FC4-81F8-4E45-A053-4BD792DA935A}.Debug|iPhone.Build.0 = Debug|Any CPU
		{71576FC4-81F8-4E45-A053-4BD792DA935A}.Debug|iPhone.Deploy.0 = Debug|Any CPU
		{71576FC4-81F8-4E45-A053-4BD792DA935A}.Debug|iPhoneSimulator.ActiveCfg = Debug|Any CPU
		{71576FC4-81F8-4E45-A053-4BD792DA935A}.Debug|iPhoneSimulator.Build.0 = Debug|Any CPU
		{71576FC4-81F8-4E45-A053-4BD792DA935A}.Debug|iPhoneSimulator.Deploy.0 = Debug|Any CPU
		{71576FC4-81F8-4E45-A053-4BD792DA935A}.Debug|x64.ActiveCfg = Debug|Any CPU
		{71576FC4-81F8-4E45-A053-4BD792DA935A}.Debug|x64.Build.0 = Debug|Any CPU
		{71576FC4-81F8-4E45-A053-4BD792DA935A}.Debug|x64.Deploy.0 = Debug|Any CPU
		{71576FC4-81F8-4E45-A053-4BD792DA935A}.Debug|x86.ActiveCfg = Debug|Any CPU
		{71576FC4-81F8-4E45-A053-4BD792DA935A}.Debug|x86.Build.0 = Debug|Any CPU
		{71576FC4-81F8-4E45-A053-4BD792DA935A}.Debug|x86.Deploy.0 = Debug|Any CPU
		{71576FC4-81F8-4E45-A053-4BD792DA935A}.Release|Any CPU.ActiveCfg = Release|Any CPU
		{71576FC4-81F8-4E45-A053-4BD792DA935A}.Release|Any CPU.Build.0 = Release|Any CPU
		{71576FC4-81F8-4E45-A053-4BD792DA935A}.Release|Any CPU.Deploy.0 = Release|Any CPU
		{71576FC4-81F8-4E45-A053-4BD792DA935A}.Release|ARM.ActiveCfg = Release|Any CPU
		{71576FC4-81F8-4E45-A053-4BD792DA935A}.Release|ARM.Build.0 = Release|Any CPU
		{71576FC4-81F8-4E45-A053-4BD792DA935A}.Release|ARM.Deploy.0 = Release|Any CPU
		{71576FC4-81F8-4E45-A053-4BD792DA935A}.Release|iPhone.ActiveCfg = Release|Any CPU
		{71576FC4-81F8-4E45-A053-4BD792DA935A}.Release|iPhone.Build.0 = Release|Any CPU
		{71576FC4-81F8-4E45-A053-4BD792DA935A}.Release|iPhone.Deploy.0 = Release|Any CPU
		{71576FC4-81F8-4E45-A053-4BD792DA935A}.Release|iPhoneSimulator.ActiveCfg = Release|Any CPU
		{71576FC4-81F8-4E45-A053-4BD792DA935A}.Release|iPhoneSimulator.Build.0 = Release|Any CPU
		{71576FC4-81F8-4E45-A053-4BD792DA935A}.Release|iPhoneSimulator.Deploy.0 = Release|Any CPU
		{71576FC4-81F8-4E45-A053-4BD792DA935A}.Release|x64.ActiveCfg = Release|Any CPU
		{71576FC4-81F8-4E45-A053-4BD792DA935A}.Release|x64.Build.0 = Release|Any CPU
		{71576FC4-81F8-4E45-A053-4BD792DA935A}.Release|x64.Deploy.0 = Release|Any CPU
		{71576FC4-81F8-4E45-A053-4BD792DA935A}.Release|x86.ActiveCfg = Release|Any CPU
		{71576FC4-81F8-4E45-A053-4BD792DA935A}.Release|x86.Build.0 = Release|Any CPU
		{71576FC4-81F8-4E45-A053-4BD792DA935A}.Release|x86.Deploy.0 = Release|Any CPU
		{42E2DF4A-9B8C-4ED8-B607-35354F7042B9}.Ad-Hoc|Any CPU.ActiveCfg = Release|Any CPU
		{42E2DF4A-9B8C-4ED8-B607-35354F7042B9}.Ad-Hoc|Any CPU.Build.0 = Release|Any CPU
		{42E2DF4A-9B8C-4ED8-B607-35354F7042B9}.Ad-Hoc|ARM.ActiveCfg = Release|Any CPU
		{42E2DF4A-9B8C-4ED8-B607-35354F7042B9}.Ad-Hoc|ARM.Build.0 = Release|Any CPU
		{42E2DF4A-9B8C-4ED8-B607-35354F7042B9}.Ad-Hoc|iPhone.ActiveCfg = Release|Any CPU
		{42E2DF4A-9B8C-4ED8-B607-35354F7042B9}.Ad-Hoc|iPhone.Build.0 = Release|Any CPU
		{42E2DF4A-9B8C-4ED8-B607-35354F7042B9}.Ad-Hoc|iPhoneSimulator.ActiveCfg = Release|Any CPU
		{42E2DF4A-9B8C-4ED8-B607-35354F7042B9}.Ad-Hoc|iPhoneSimulator.Build.0 = Release|Any CPU
		{42E2DF4A-9B8C-4ED8-B607-35354F7042B9}.Ad-Hoc|x64.ActiveCfg = Release|Any CPU
		{42E2DF4A-9B8C-4ED8-B607-35354F7042B9}.Ad-Hoc|x64.Build.0 = Release|Any CPU
		{42E2DF4A-9B8C-4ED8-B607-35354F7042B9}.Ad-Hoc|x86.ActiveCfg = Release|Any CPU
		{42E2DF4A-9B8C-4ED8-B607-35354F7042B9}.Ad-Hoc|x86.Build.0 = Release|Any CPU
		{42E2DF4A-9B8C-4ED8-B607-35354F7042B9}.AppStore|Any CPU.ActiveCfg = Release|Any CPU
		{42E2DF4A-9B8C-4ED8-B607-35354F7042B9}.AppStore|Any CPU.Build.0 = Release|Any CPU
		{42E2DF4A-9B8C-4ED8-B607-35354F7042B9}.AppStore|ARM.ActiveCfg = Release|Any CPU
		{42E2DF4A-9B8C-4ED8-B607-35354F7042B9}.AppStore|ARM.Build.0 = Release|Any CPU
		{42E2DF4A-9B8C-4ED8-B607-35354F7042B9}.AppStore|iPhone.ActiveCfg = Release|Any CPU
		{42E2DF4A-9B8C-4ED8-B607-35354F7042B9}.AppStore|iPhone.Build.0 = Release|Any CPU
		{42E2DF4A-9B8C-4ED8-B607-35354F7042B9}.AppStore|iPhoneSimulator.ActiveCfg = Release|Any CPU
		{42E2DF4A-9B8C-4ED8-B607-35354F7042B9}.AppStore|iPhoneSimulator.Build.0 = Release|Any CPU
		{42E2DF4A-9B8C-4ED8-B607-35354F7042B9}.AppStore|x64.ActiveCfg = Release|Any CPU
		{42E2DF4A-9B8C-4ED8-B607-35354F7042B9}.AppStore|x64.Build.0 = Release|Any CPU
		{42E2DF4A-9B8C-4ED8-B607-35354F7042B9}.AppStore|x86.ActiveCfg = Release|Any CPU
		{42E2DF4A-9B8C-4ED8-B607-35354F7042B9}.AppStore|x86.Build.0 = Release|Any CPU
		{42E2DF4A-9B8C-4ED8-B607-35354F7042B9}.Debug|Any CPU.ActiveCfg = Debug|Any CPU
		{42E2DF4A-9B8C-4ED8-B607-35354F7042B9}.Debug|Any CPU.Build.0 = Debug|Any CPU
		{42E2DF4A-9B8C-4ED8-B607-35354F7042B9}.Debug|ARM.ActiveCfg = Debug|Any CPU
		{42E2DF4A-9B8C-4ED8-B607-35354F7042B9}.Debug|ARM.Build.0 = Debug|Any CPU
		{42E2DF4A-9B8C-4ED8-B607-35354F7042B9}.Debug|iPhone.ActiveCfg = Debug|Any CPU
		{42E2DF4A-9B8C-4ED8-B607-35354F7042B9}.Debug|iPhone.Build.0 = Debug|Any CPU
		{42E2DF4A-9B8C-4ED8-B607-35354F7042B9}.Debug|iPhoneSimulator.ActiveCfg = Debug|Any CPU
		{42E2DF4A-9B8C-4ED8-B607-35354F7042B9}.Debug|iPhoneSimulator.Build.0 = Debug|Any CPU
		{42E2DF4A-9B8C-4ED8-B607-35354F7042B9}.Debug|x64.ActiveCfg = Debug|Any CPU
		{42E2DF4A-9B8C-4ED8-B607-35354F7042B9}.Debug|x64.Build.0 = Debug|Any CPU
		{42E2DF4A-9B8C-4ED8-B607-35354F7042B9}.Debug|x86.ActiveCfg = Debug|Any CPU
		{42E2DF4A-9B8C-4ED8-B607-35354F7042B9}.Debug|x86.Build.0 = Debug|Any CPU
		{42E2DF4A-9B8C-4ED8-B607-35354F7042B9}.Release|Any CPU.ActiveCfg = Release|Any CPU
		{42E2DF4A-9B8C-4ED8-B607-35354F7042B9}.Release|Any CPU.Build.0 = Release|Any CPU
		{42E2DF4A-9B8C-4ED8-B607-35354F7042B9}.Release|ARM.ActiveCfg = Release|Any CPU
		{42E2DF4A-9B8C-4ED8-B607-35354F7042B9}.Release|ARM.Build.0 = Release|Any CPU
		{42E2DF4A-9B8C-4ED8-B607-35354F7042B9}.Release|iPhone.ActiveCfg = Release|Any CPU
		{42E2DF4A-9B8C-4ED8-B607-35354F7042B9}.Release|iPhone.Build.0 = Release|Any CPU
		{42E2DF4A-9B8C-4ED8-B607-35354F7042B9}.Release|iPhoneSimulator.ActiveCfg = Release|Any CPU
		{42E2DF4A-9B8C-4ED8-B607-35354F7042B9}.Release|iPhoneSimulator.Build.0 = Release|Any CPU
		{42E2DF4A-9B8C-4ED8-B607-35354F7042B9}.Release|x64.ActiveCfg = Release|Any CPU
		{42E2DF4A-9B8C-4ED8-B607-35354F7042B9}.Release|x64.Build.0 = Release|Any CPU
		{42E2DF4A-9B8C-4ED8-B607-35354F7042B9}.Release|x86.ActiveCfg = Release|Any CPU
		{42E2DF4A-9B8C-4ED8-B607-35354F7042B9}.Release|x86.Build.0 = Release|Any CPU
		{66DE0822-05FB-4F10-A7A4-0981FF8F03EE}.Ad-Hoc|Any CPU.ActiveCfg = Ad-Hoc|iPhone
		{66DE0822-05FB-4F10-A7A4-0981FF8F03EE}.Ad-Hoc|ARM.ActiveCfg = Ad-Hoc|iPhone
		{66DE0822-05FB-4F10-A7A4-0981FF8F03EE}.Ad-Hoc|iPhone.ActiveCfg = Ad-Hoc|iPhone
		{66DE0822-05FB-4F10-A7A4-0981FF8F03EE}.Ad-Hoc|iPhone.Build.0 = Ad-Hoc|iPhone
		{66DE0822-05FB-4F10-A7A4-0981FF8F03EE}.Ad-Hoc|iPhoneSimulator.ActiveCfg = Ad-Hoc|iPhoneSimulator
		{66DE0822-05FB-4F10-A7A4-0981FF8F03EE}.Ad-Hoc|iPhoneSimulator.Build.0 = Ad-Hoc|iPhoneSimulator
		{66DE0822-05FB-4F10-A7A4-0981FF8F03EE}.Ad-Hoc|x64.ActiveCfg = Ad-Hoc|iPhone
		{66DE0822-05FB-4F10-A7A4-0981FF8F03EE}.Ad-Hoc|x86.ActiveCfg = Ad-Hoc|iPhone
		{66DE0822-05FB-4F10-A7A4-0981FF8F03EE}.AppStore|Any CPU.ActiveCfg = AppStore|iPhone
		{66DE0822-05FB-4F10-A7A4-0981FF8F03EE}.AppStore|ARM.ActiveCfg = AppStore|iPhone
		{66DE0822-05FB-4F10-A7A4-0981FF8F03EE}.AppStore|iPhone.ActiveCfg = AppStore|iPhone
		{66DE0822-05FB-4F10-A7A4-0981FF8F03EE}.AppStore|iPhone.Build.0 = AppStore|iPhone
		{66DE0822-05FB-4F10-A7A4-0981FF8F03EE}.AppStore|iPhoneSimulator.ActiveCfg = AppStore|iPhoneSimulator
		{66DE0822-05FB-4F10-A7A4-0981FF8F03EE}.AppStore|iPhoneSimulator.Build.0 = AppStore|iPhoneSimulator
		{66DE0822-05FB-4F10-A7A4-0981FF8F03EE}.AppStore|x64.ActiveCfg = AppStore|iPhone
		{66DE0822-05FB-4F10-A7A4-0981FF8F03EE}.AppStore|x86.ActiveCfg = AppStore|iPhone
		{66DE0822-05FB-4F10-A7A4-0981FF8F03EE}.Debug|Any CPU.ActiveCfg = Debug|iPhone
		{66DE0822-05FB-4F10-A7A4-0981FF8F03EE}.Debug|ARM.ActiveCfg = Debug|iPhone
		{66DE0822-05FB-4F10-A7A4-0981FF8F03EE}.Debug|iPhone.ActiveCfg = Debug|iPhone
		{66DE0822-05FB-4F10-A7A4-0981FF8F03EE}.Debug|iPhone.Build.0 = Debug|iPhone
		{66DE0822-05FB-4F10-A7A4-0981FF8F03EE}.Debug|iPhoneSimulator.ActiveCfg = Debug|iPhoneSimulator
		{66DE0822-05FB-4F10-A7A4-0981FF8F03EE}.Debug|iPhoneSimulator.Build.0 = Debug|iPhoneSimulator
		{66DE0822-05FB-4F10-A7A4-0981FF8F03EE}.Debug|x64.ActiveCfg = Debug|iPhone
		{66DE0822-05FB-4F10-A7A4-0981FF8F03EE}.Debug|x86.ActiveCfg = Debug|iPhone
		{66DE0822-05FB-4F10-A7A4-0981FF8F03EE}.Release|Any CPU.ActiveCfg = Release|iPhone
		{66DE0822-05FB-4F10-A7A4-0981FF8F03EE}.Release|ARM.ActiveCfg = Release|iPhone
		{66DE0822-05FB-4F10-A7A4-0981FF8F03EE}.Release|iPhone.ActiveCfg = Release|iPhone
		{66DE0822-05FB-4F10-A7A4-0981FF8F03EE}.Release|iPhone.Build.0 = Release|iPhone
		{66DE0822-05FB-4F10-A7A4-0981FF8F03EE}.Release|iPhoneSimulator.ActiveCfg = Release|iPhoneSimulator
		{66DE0822-05FB-4F10-A7A4-0981FF8F03EE}.Release|iPhoneSimulator.Build.0 = Release|iPhoneSimulator
		{66DE0822-05FB-4F10-A7A4-0981FF8F03EE}.Release|x64.ActiveCfg = Release|iPhone
		{66DE0822-05FB-4F10-A7A4-0981FF8F03EE}.Release|x86.ActiveCfg = Release|iPhone
	EndGlobalSection
	GlobalSection(SolutionProperties) = preSolution
		HideSolutionNode = FALSE
	EndGlobalSection
	GlobalSection(ExtensibilityGlobals) = postSolution
		SolutionGuid = {5E8072C3-C9B1-4ABA-A0C3-D3FCB547EFA4}
	EndGlobalSection
EndGlobal
